// !$*UTF8*$!
{
	archiveVersion = 1;
	classes = {
	};
	objectVersion = 46;
	objects = {

/* Begin PBXBuildFile section */
		4A02182C1A08495200BCA71B /* AddMemberViewController.m in Sources */ = {isa = PBXBuildFile; fileRef = 4A02182B1A08495200BCA71B /* AddMemberViewController.m */; };
		4A02182F1A0855AF00BCA71B /* EditMemberViewController.m in Sources */ = {isa = PBXBuildFile; fileRef = 4A02182E1A0855AF00BCA71B /* EditMemberViewController.m */; };
		4A0218321A0857CF00BCA71B /* TableViewCell.m in Sources */ = {isa = PBXBuildFile; fileRef = 4A0218311A0857CF00BCA71B /* TableViewCell.m */; };
		4A22D3471A070AA30061EA6A /* main.m in Sources */ = {isa = PBXBuildFile; fileRef = 4A22D3461A070AA30061EA6A /* main.m */; };
		4A22D34A1A070AA30061EA6A /* AppDelegate.m in Sources */ = {isa = PBXBuildFile; fileRef = 4A22D3491A070AA30061EA6A /* AppDelegate.m */; };
		4A22D34D1A070AA30061EA6A /* PedigreeCore.xcdatamodeld in Sources */ = {isa = PBXBuildFile; fileRef = 4A22D34B1A070AA30061EA6A /* PedigreeCore.xcdatamodeld */; };
		4A22D3561A070AA30061EA6A /* Main.storyboard in Resources */ = {isa = PBXBuildFile; fileRef = 4A22D3541A070AA30061EA6A /* Main.storyboard */; };
		4A22D3581A070AA30061EA6A /* Images.xcassets in Resources */ = {isa = PBXBuildFile; fileRef = 4A22D3571A070AA30061EA6A /* Images.xcassets */; };
		4A22D35B1A070AA30061EA6A /* LaunchScreen.xib in Resources */ = {isa = PBXBuildFile; fileRef = 4A22D3591A070AA30061EA6A /* LaunchScreen.xib */; };
		4A22D3671A070AA30061EA6A /* PedigreeCoreTests.m in Sources */ = {isa = PBXBuildFile; fileRef = 4A22D3661A070AA30061EA6A /* PedigreeCoreTests.m */; };
		4A22D3751A070B660061EA6A /* MasterViewController.m in Sources */ = {isa = PBXBuildFile; fileRef = 4A22D3741A070B660061EA6A /* MasterViewController.m */; };
		4A22D3781A070F650061EA6A /* Individual.m in Sources */ = {isa = PBXBuildFile; fileRef = 4A22D3771A070F650061EA6A /* Individual.m */; };
		4A22D37B1A070F9D0061EA6A /* Phenotype.m in Sources */ = {isa = PBXBuildFile; fileRef = 4A22D37A1A070F9D0061EA6A /* Phenotype.m */; };
/* End PBXBuildFile section */

/* Begin PBXContainerItemProxy section */
		4A22D3611A070AA30061EA6A /* PBXContainerItemProxy */ = {
			isa = PBXContainerItemProxy;
			containerPortal = 4A22D3391A070AA20061EA6A /* Project object */;
			proxyType = 1;
			remoteGlobalIDString = 4A22D3401A070AA20061EA6A;
			remoteInfo = PedigreeCore;
		};
/* End PBXContainerItemProxy section */

/* Begin PBXFileReference section */
		4A02182A1A08495200BCA71B /* AddMemberViewController.h */ = {isa = PBXFileReference; fileEncoding = 4; lastKnownFileType = sourcecode.c.h; path = AddMemberViewController.h; sourceTree = "<group>"; };
		4A02182B1A08495200BCA71B /* AddMemberViewController.m */ = {isa = PBXFileReference; fileEncoding = 4; lastKnownFileType = sourcecode.c.objc; path = AddMemberViewController.m; sourceTree = "<group>"; };
		4A02182D1A0855AF00BCA71B /* EditMemberViewController.h */ = {isa = PBXFileReference; fileEncoding = 4; lastKnownFileType = sourcecode.c.h; path = EditMemberViewController.h; sourceTree = "<group>"; };
		4A02182E1A0855AF00BCA71B /* EditMemberViewController.m */ = {isa = PBXFileReference; fileEncoding = 4; lastKnownFileType = sourcecode.c.objc; path = EditMemberViewController.m; sourceTree = "<group>"; };
		4A0218301A0857CF00BCA71B /* TableViewCell.h */ = {isa = PBXFileReference; fileEncoding = 4; lastKnownFileType = sourcecode.c.h; path = TableViewCell.h; sourceTree = "<group>"; };
		4A0218311A0857CF00BCA71B /* TableViewCell.m */ = {isa = PBXFileReference; fileEncoding = 4; lastKnownFileType = sourcecode.c.objc; path = TableViewCell.m; sourceTree = "<group>"; };
		4A22D3411A070AA20061EA6A /* PedigreeCore.app */ = {isa = PBXFileReference; explicitFileType = wrapper.application; includeInIndex = 0; path = PedigreeCore.app; sourceTree = BUILT_PRODUCTS_DIR; };
		4A22D3451A070AA30061EA6A /* Info.plist */ = {isa = PBXFileReference; lastKnownFileType = text.plist.xml; path = Info.plist; sourceTree = "<group>"; };
		4A22D3461A070AA30061EA6A /* main.m */ = {isa = PBXFileReference; lastKnownFileType = sourcecode.c.objc; path = main.m; sourceTree = "<group>"; };
		4A22D3481A070AA30061EA6A /* AppDelegate.h */ = {isa = PBXFileReference; lastKnownFileType = sourcecode.c.h; path = AppDelegate.h; sourceTree = "<group>"; };
		4A22D3491A070AA30061EA6A /* AppDelegate.m */ = {isa = PBXFileReference; lastKnownFileType = sourcecode.c.objc; path = AppDelegate.m; sourceTree = "<group>"; };
		4A22D34C1A070AA30061EA6A /* PedigreeCore.xcdatamodel */ = {isa = PBXFileReference; lastKnownFileType = wrapper.xcdatamodel; path = PedigreeCore.xcdatamodel; sourceTree = "<group>"; };
		4A22D3551A070AA30061EA6A /* Base */ = {isa = PBXFileReference; lastKnownFileType = file.storyboard; name = Base; path = Base.lproj/Main.storyboard; sourceTree = "<group>"; };
		4A22D3571A070AA30061EA6A /* Images.xcassets */ = {isa = PBXFileReference; lastKnownFileType = folder.assetcatalog; path = Images.xcassets; sourceTree = "<group>"; };
		4A22D35A1A070AA30061EA6A /* Base */ = {isa = PBXFileReference; lastKnownFileType = file.xib; name = Base; path = Base.lproj/LaunchScreen.xib; sourceTree = "<group>"; };
		4A22D3601A070AA30061EA6A /* PedigreeCoreTests.xctest */ = {isa = PBXFileReference; explicitFileType = wrapper.cfbundle; includeInIndex = 0; path = PedigreeCoreTests.xctest; sourceTree = BUILT_PRODUCTS_DIR; };
		4A22D3651A070AA30061EA6A /* Info.plist */ = {isa = PBXFileReference; lastKnownFileType = text.plist.xml; path = Info.plist; sourceTree = "<group>"; };
		4A22D3661A070AA30061EA6A /* PedigreeCoreTests.m */ = {isa = PBXFileReference; lastKnownFileType = sourcecode.c.objc; path = PedigreeCoreTests.m; sourceTree = "<group>"; };
		4A22D3731A070B660061EA6A /* MasterViewController.h */ = {isa = PBXFileReference; fileEncoding = 4; lastKnownFileType = sourcecode.c.h; name = MasterViewController.h; path = ../MasterViewController.h; sourceTree = "<group>"; };
		4A22D3741A070B660061EA6A /* MasterViewController.m */ = {isa = PBXFileReference; fileEncoding = 4; lastKnownFileType = sourcecode.c.objc; name = MasterViewController.m; path = ../MasterViewController.m; sourceTree = "<group>"; };
		4A22D3761A070F650061EA6A /* Individual.h */ = {isa = PBXFileReference; fileEncoding = 4; lastKnownFileType = sourcecode.c.h; path = Individual.h; sourceTree = "<group>"; };
		4A22D3771A070F650061EA6A /* Individual.m */ = {isa = PBXFileReference; fileEncoding = 4; lastKnownFileType = sourcecode.c.objc; path = Individual.m; sourceTree = "<group>"; };
		4A22D3791A070F9D0061EA6A /* Phenotype.h */ = {isa = PBXFileReference; fileEncoding = 4; lastKnownFileType = sourcecode.c.h; path = Phenotype.h; sourceTree = "<group>"; };
		4A22D37A1A070F9D0061EA6A /* Phenotype.m */ = {isa = PBXFileReference; fileEncoding = 4; lastKnownFileType = sourcecode.c.objc; path = Phenotype.m; sourceTree = "<group>"; };
/* End PBXFileReference section */

/* Begin PBXFrameworksBuildPhase section */
		4A22D33E1A070AA20061EA6A /* Frameworks */ = {
			isa = PBXFrameworksBuildPhase;
			buildActionMask = 2147483647;
			files = (
			);
			runOnlyForDeploymentPostprocessing = 0;
		};
		4A22D35D1A070AA30061EA6A /* Frameworks */ = {
			isa = PBXFrameworksBuildPhase;
			buildActionMask = 2147483647;
			files = (
			);
			runOnlyForDeploymentPostprocessing = 0;
		};
/* End PBXFrameworksBuildPhase section */

/* Begin PBXGroup section */
		4A22D3381A070AA20061EA6A = {
			isa = PBXGroup;
			children = (
				4A22D3431A070AA20061EA6A /* PedigreeCore */,
				4A22D3631A070AA30061EA6A /* PedigreeCoreTests */,
				4A22D3421A070AA20061EA6A /* Products */,
			);
			sourceTree = "<group>";
		};
		4A22D3421A070AA20061EA6A /* Products */ = {
			isa = PBXGroup;
			children = (
				4A22D3411A070AA20061EA6A /* PedigreeCore.app */,
				4A22D3601A070AA30061EA6A /* PedigreeCoreTests.xctest */,
			);
			name = Products;
			sourceTree = "<group>";
		};
		4A22D3431A070AA20061EA6A /* PedigreeCore */ = {
			isa = PBXGroup;
			children = (
				4A22D3481A070AA30061EA6A /* AppDelegate.h */,
				4A22D3491A070AA30061EA6A /* AppDelegate.m */,
				4A22D3731A070B660061EA6A /* MasterViewController.h */,
				4A22D3741A070B660061EA6A /* MasterViewController.m */,
				4A0218301A0857CF00BCA71B /* TableViewCell.h */,
				4A0218311A0857CF00BCA71B /* TableViewCell.m */,
				4A02182A1A08495200BCA71B /* AddMemberViewController.h */,
				4A02182B1A08495200BCA71B /* AddMemberViewController.m */,
				4A02182D1A0855AF00BCA71B /* EditMemberViewController.h */,
				4A02182E1A0855AF00BCA71B /* EditMemberViewController.m */,
				4A22D3761A070F650061EA6A /* Individual.h */,
				4A22D3771A070F650061EA6A /* Individual.m */,
				4A22D3791A070F9D0061EA6A /* Phenotype.h */,
				4A22D37A1A070F9D0061EA6A /* Phenotype.m */,
				4A22D3541A070AA30061EA6A /* Main.storyboard */,
				4A22D34B1A070AA30061EA6A /* PedigreeCore.xcdatamodeld */,
				4A22D3441A070AA30061EA6A /* Supporting Files */,
			);
			path = PedigreeCore;
			sourceTree = "<group>";
		};
		4A22D3441A070AA30061EA6A /* Supporting Files */ = {
			isa = PBXGroup;
			children = (
				4A22D3571A070AA30061EA6A /* Images.xcassets */,
				4A22D3591A070AA30061EA6A /* LaunchScreen.xib */,
				4A22D3451A070AA30061EA6A /* Info.plist */,
				4A22D3461A070AA30061EA6A /* main.m */,
			);
			name = "Supporting Files";
			sourceTree = "<group>";
		};
		4A22D3631A070AA30061EA6A /* PedigreeCoreTests */ = {
			isa = PBXGroup;
			children = (
				4A22D3661A070AA30061EA6A /* PedigreeCoreTests.m */,
				4A22D3641A070AA30061EA6A /* Supporting Files */,
			);
			path = PedigreeCoreTests;
			sourceTree = "<group>";
		};
		4A22D3641A070AA30061EA6A /* Supporting Files */ = {
			isa = PBXGroup;
			children = (
				4A22D3651A070AA30061EA6A /* Info.plist */,
			);
			name = "Supporting Files";
			sourceTree = "<group>";
		};
/* End PBXGroup section */

/* Begin PBXNativeTarget section */
		4A22D3401A070AA20061EA6A /* PedigreeCore */ = {
			isa = PBXNativeTarget;
			buildConfigurationList = 4A22D36A1A070AA30061EA6A /* Build configuration list for PBXNativeTarget "PedigreeCore" */;
			buildPhases = (
				4A22D33D1A070AA20061EA6A /* Sources */,
				4A22D33E1A070AA20061EA6A /* Frameworks */,
				4A22D33F1A070AA20061EA6A /* Resources */,
			);
			buildRules = (
			);
			dependencies = (
			);
			name = PedigreeCore;
			productName = PedigreeCore;
			productReference = 4A22D3411A070AA20061EA6A /* PedigreeCore.app */;
			productType = "com.apple.product-type.application";
		};
		4A22D35F1A070AA30061EA6A /* PedigreeCoreTests */ = {
			isa = PBXNativeTarget;
			buildConfigurationList = 4A22D36D1A070AA30061EA6A /* Build configuration list for PBXNativeTarget "PedigreeCoreTests" */;
			buildPhases = (
				4A22D35C1A070AA30061EA6A /* Sources */,
				4A22D35D1A070AA30061EA6A /* Frameworks */,
				4A22D35E1A070AA30061EA6A /* Resources */,
			);
			buildRules = (
			);
			dependencies = (
				4A22D3621A070AA30061EA6A /* PBXTargetDependency */,
			);
			name = PedigreeCoreTests;
			productName = PedigreeCoreTests;
			productReference = 4A22D3601A070AA30061EA6A /* PedigreeCoreTests.xctest */;
			productType = "com.apple.product-type.bundle.unit-test";
		};
/* End PBXNativeTarget section */

/* Begin PBXProject section */
		4A22D3391A070AA20061EA6A /* Project object */ = {
			isa = PBXProject;
			attributes = {
				LastUpgradeCheck = 0610;
				ORGANIZATIONNAME = "Harry Nelken";
				TargetAttributes = {
					4A22D3401A070AA20061EA6A = {
						CreatedOnToolsVersion = 6.1;
					};
					4A22D35F1A070AA30061EA6A = {
						CreatedOnToolsVersion = 6.1;
						TestTargetID = 4A22D3401A070AA20061EA6A;
					};
				};
			};
			buildConfigurationList = 4A22D33C1A070AA20061EA6A /* Build configuration list for PBXProject "PedigreeCore" */;
			compatibilityVersion = "Xcode 3.2";
			developmentRegion = English;
			hasScannedForEncodings = 0;
			knownRegions = (
				en,
				Base,
			);
			mainGroup = 4A22D3381A070AA20061EA6A;
			productRefGroup = 4A22D3421A070AA20061EA6A /* Products */;
			projectDirPath = "";
			projectRoot = "";
			targets = (
				4A22D3401A070AA20061EA6A /* PedigreeCore */,
				4A22D35F1A070AA30061EA6A /* PedigreeCoreTests */,
			);
		};
/* End PBXProject section */

/* Begin PBXResourcesBuildPhase section */
		4A22D33F1A070AA20061EA6A /* Resources */ = {
			isa = PBXResourcesBuildPhase;
			buildActionMask = 2147483647;
			files = (
				4A22D3561A070AA30061EA6A /* Main.storyboard in Resources */,
				4A22D35B1A070AA30061EA6A /* LaunchScreen.xib in Resources */,
				4A22D3581A070AA30061EA6A /* Images.xcassets in Resources */,
			);
			runOnlyForDeploymentPostprocessing = 0;
		};
		4A22D35E1A070AA30061EA6A /* Resources */ = {
			isa = PBXResourcesBuildPhase;
			buildActionMask = 2147483647;
			files = (
			);
			runOnlyForDeploymentPostprocessing = 0;
		};
/* End PBXResourcesBuildPhase section */

/* Begin PBXSourcesBuildPhase section */
		4A22D33D1A070AA20061EA6A /* Sources */ = {
			isa = PBXSourcesBuildPhase;
			buildActionMask = 2147483647;
			files = (
				4A22D3751A070B660061EA6A /* MasterViewController.m in Sources */,
				4A22D3781A070F650061EA6A /* Individual.m in Sources */,
				4A02182F1A0855AF00BCA71B /* EditMemberViewController.m in Sources */,
				4A22D34A1A070AA30061EA6A /* AppDelegate.m in Sources */,
				4A0218321A0857CF00BCA71B /* TableViewCell.m in Sources */,
				4A22D3471A070AA30061EA6A /* main.m in Sources */,
				4A22D37B1A070F9D0061EA6A /* Phenotype.m in Sources */,
				4A22D34D1A070AA30061EA6A /* PedigreeCore.xcdatamodeld in Sources */,
				4A02182C1A08495200BCA71B /* AddMemberViewController.m in Sources */,
			);
			runOnlyForDeploymentPostprocessing = 0;
		};
		4A22D35C1A070AA30061EA6A /* Sources */ = {
			isa = PBXSourcesBuildPhase;
			buildActionMask = 2147483647;
			files = (
				4A22D3671A070AA30061EA6A /* PedigreeCoreTests.m in Sources */,
			);
			runOnlyForDeploymentPostprocessing = 0;
		};
/* End PBXSourcesBuildPhase section */

/* Begin PBXTargetDependency section */
		4A22D3621A070AA30061EA6A /* PBXTargetDependency */ = {
			isa = PBXTargetDependency;
			target = 4A22D3401A070AA20061EA6A /* PedigreeCore */;
			targetProxy = 4A22D3611A070AA30061EA6A /* PBXContainerItemProxy */;
		};
/* End PBXTargetDependency section */

/* Begin PBXVariantGroup section */
		4A22D3541A070AA30061EA6A /* Main.storyboard */ = {
			isa = PBXVariantGroup;
			children = (
				4A22D3551A070AA30061EA6A /* Base */,
			);
			name = Main.storyboard;
			sourceTree = "<group>";
		};
		4A22D3591A070AA30061EA6A /* LaunchScreen.xib */ = {
			isa = PBXVariantGroup;
			children = (
				4A22D35A1A070AA30061EA6A /* Base */,
			);
			name = LaunchScreen.xib;
			sourceTree = "<group>";
		};
/* End PBXVariantGroup section */

/* Begin XCBuildConfiguration section */
		4A22D3681A070AA30061EA6A /* Debug */ = {
			isa = XCBuildConfiguration;
			buildSettings = {
				ALWAYS_SEARCH_USER_PATHS = NO;
				CLANG_CXX_LANGUAGE_STANDARD = "gnu++0x";
				CLANG_CXX_LIBRARY = "libc++";
				CLANG_ENABLE_MODULES = YES;
				CLANG_ENABLE_OBJC_ARC = YES;
				CLANG_WARN_BOOL_CONVERSION = YES;
				CLANG_WARN_CONSTANT_CONVERSION = YES;
				CLANG_WARN_DIRECT_OBJC_ISA_USAGE = YES_ERROR;
				CLANG_WARN_EMPTY_BODY = YES;
				CLANG_WARN_ENUM_CONVERSION = YES;
				CLANG_WARN_INT_CONVERSION = YES;
				CLANG_WARN_OBJC_ROOT_CLASS = YES_ERROR;
				CLANG_WARN_UNREACHABLE_CODE = YES;
				CLANG_WARN__DUPLICATE_METHOD_MATCH = YES;
				"CODE_SIGN_IDENTITY[sdk=iphoneos*]" = "iPhone Developer";
				COPY_PHASE_STRIP = NO;
				ENABLE_STRICT_OBJC_MSGSEND = YES;
				GCC_C_LANGUAGE_STANDARD = gnu99;
				GCC_DYNAMIC_NO_PIC = NO;
				GCC_OPTIMIZATION_LEVEL = 0;
				GCC_PREPROCESSOR_DEFINITIONS = (
					"DEBUG=1",
					"$(inherited)",
				);
				GCC_SYMBOLS_PRIVATE_EXTERN = NO;
				GCC_WARN_64_TO_32_BIT_CONVERSION = YES;
				GCC_WARN_ABOUT_RETURN_TYPE = YES_ERROR;
				GCC_WARN_UNDECLARED_SELECTOR = YES;
				GCC_WARN_UNINITIALIZED_AUTOS = YES_AGGRESSIVE;
				GCC_WARN_UNUSED_FUNCTION = YES;
				GCC_WARN_UNUSED_VARIABLE = YES;
				IPHONEOS_DEPLOYMENT_TARGET = 8.1;
				MTL_ENABLE_DEBUG_INFO = YES;
				ONLY_ACTIVE_ARCH = YES;
				SDKROOT = iphoneos;
			};
			name = Debug;
		};
		4A22D3691A070AA30061EA6A /* Release */ = {
			isa = XCBuildConfiguration;
			buildSettings = {
				ALWAYS_SEARCH_USER_PATHS = NO;
				CLANG_CXX_LANGUAGE_STANDARD = "gnu++0x";
				CLANG_CXX_LIBRARY = "libc++";
				CLANG_ENABLE_MODULES = YES;
				CLANG_ENABLE_OBJC_ARC = YES;
				CLANG_WARN_BOOL_CONVERSION = YES;
				CLANG_WARN_CONSTANT_CONVERSION = YES;
				CLANG_WARN_DIRECT_OBJC_ISA_USAGE = YES_ERROR;
				CLANG_WARN_EMPTY_BODY = YES;
				CLANG_WARN_ENUM_CONVERSION = YES;
				CLANG_WARN_INT_CONVERSION = YES;
				CLANG_WARN_OBJC_ROOT_CLASS = YES_ERROR;
				CLANG_WARN_UNREACHABLE_CODE = YES;
				CLANG_WARN__DUPLICATE_METHOD_MATCH = YES;
				"CODE_SIGN_IDENTITY[sdk=iphoneos*]" = "iPhone Developer";
				COPY_PHASE_STRIP = YES;
				ENABLE_NS_ASSERTIONS = NO;
				ENABLE_STRICT_OBJC_MSGSEND = YES;
				GCC_C_LANGUAGE_STANDARD = gnu99;
				GCC_WARN_64_TO_32_BIT_CONVERSION = YES;
				GCC_WARN_ABOUT_RETURN_TYPE = YES_ERROR;
				GCC_WARN_UNDECLARED_SELECTOR = YES;
				GCC_WARN_UNINITIALIZED_AUTOS = YES_AGGRESSIVE;
				GCC_WARN_UNUSED_FUNCTION = YES;
				GCC_WARN_UNUSED_VARIABLE = YES;
				IPHONEOS_DEPLOYMENT_TARGET = 8.1;
				MTL_ENABLE_DEBUG_INFO = NO;
				SDKROOT = iphoneos;
				VALIDATE_PRODUCT = YES;
			};
			name = Release;
		};
		4A22D36B1A070AA30061EA6A /* Debug */ = {
			isa = XCBuildConfiguration;
			buildSettings = {
				ASSETCATALOG_COMPILER_APPICON_NAME = AppIcon;
				INFOPLIST_FILE = PedigreeCore/Info.plist;
				LD_RUNPATH_SEARCH_PATHS = "$(inherited) @executable_path/Frameworks";
				PRODUCT_NAME = "$(TARGET_NAME)";
			};
			name = Debug;
		};
		4A22D36C1A070AA30061EA6A /* Release */ = {
			isa = XCBuildConfiguration;
			buildSettings = {
				ASSETCATALOG_COMPILER_APPICON_NAME = AppIcon;
				INFOPLIST_FILE = PedigreeCore/Info.plist;
				LD_RUNPATH_SEARCH_PATHS = "$(inherited) @executable_path/Frameworks";
				PRODUCT_NAME = "$(TARGET_NAME)";
			};
			name = Release;
		};
		4A22D36E1A070AA30061EA6A /* Debug */ = {
			isa = XCBuildConfiguration;
			buildSettings = {
				BUNDLE_LOADER = "$(TEST_HOST)";
				FRAMEWORK_SEARCH_PATHS = (
					"$(SDKROOT)/Developer/Library/Frameworks",
					"$(inherited)",
				);
				GCC_PREPROCESSOR_DEFINITIONS = (
					"DEBUG=1",
					"$(inherited)",
				);
				INFOPLIST_FILE = PedigreeCoreTests/Info.plist;
				LD_RUNPATH_SEARCH_PATHS = "$(inherited) @executable_path/Frameworks @loader_path/Frameworks";
				PRODUCT_NAME = "$(TARGET_NAME)";
				TEST_HOST = "$(BUILT_PRODUCTS_DIR)/PedigreeCore.app/PedigreeCore";
			};
			name = Debug;
		};
		4A22D36F1A070AA30061EA6A /* Release */ = {
			isa = XCBuildConfiguration;
			buildSettings = {
				BUNDLE_LOADER = "$(TEST_HOST)";
				FRAMEWORK_SEARCH_PATHS = (
					"$(SDKROOT)/Developer/Library/Frameworks",
					"$(inherited)",
				);
				INFOPLIST_FILE = PedigreeCoreTests/Info.plist;
				LD_RUNPATH_SEARCH_PATHS = "$(inherited) @executable_path/Frameworks @loader_path/Frameworks";
				PRODUCT_NAME = "$(TARGET_NAME)";
				TEST_HOST = "$(BUILT_PRODUCTS_DIR)/PedigreeCore.app/PedigreeCore";
			};
			name = Release;
		};
/* End XCBuildConfiguration section */

/* Begin XCConfigurationList section */
		4A22D33C1A070AA20061EA6A /* Build configuration list for PBXProject "PedigreeCore" */ = {
			isa = XCConfigurationList;
			buildConfigurations = (
				4A22D3681A070AA30061EA6A /* Debug */,
				4A22D3691A070AA30061EA6A /* Release */,
			);
			defaultConfigurationIsVisible = 0;
			defaultConfigurationName = Release;
		};
		4A22D36A1A070AA30061EA6A /* Build configuration list for PBXNativeTarget "PedigreeCore" */ = {
			isa = XCConfigurationList;
			buildConfigurations = (
				4A22D36B1A070AA30061EA6A /* Debug */,
				4A22D36C1A070AA30061EA6A /* Release */,
			);
			defaultConfigurationIsVisible = 0;
			defaultConfigurationName = Release;
		};
		4A22D36D1A070AA30061EA6A /* Build configuration list for PBXNativeTarget "PedigreeCoreTests" */ = {
			isa = XCConfigurationList;
			buildConfigurations = (
				4A22D36E1A070AA30061EA6A /* Debug */,
				4A22D36F1A070AA30061EA6A /* Release */,
			);
			defaultConfigurationIsVisible = 0;
			defaultConfigurationName = Release;
		};
/* End XCConfigurationList section */

/* Begin XCVersionGroup section */
		4A22D34B1A070AA30061EA6A /* PedigreeCore.xcdatamodeld */ = {
			isa = XCVersionGroup;
			children = (
				4A22D34C1A070AA30061EA6A /* PedigreeCore.xcdatamodel */,
			);
			currentVersion = 4A22D34C1A070AA30061EA6A /* PedigreeCore.xcdatamodel */;
			path = PedigreeCore.xcdatamodeld;
			sourceTree = "<group>";
			versionGroupType = wrapper.xcdatamodel;
		};
/* End XCVersionGroup section */
	};
	rootObject = 4A22D3391A070AA20061EA6A /* Project object */;
}
